
Microsoft Visual Studio Solution File, Format Version 12.00
# Visual Studio Version 17
VisualStudioVersion = 17.7.34031.279
MinimumVisualStudioVersion = 10.0.40219.1
Project("{9A19103F-16F7-4668-BE54-9A1E7A4F7556}") = "TimeFlow", "TimeFlow\TimeFlow.csproj", "{640F0C3C-13FA-41E3-A3E5-933E182F32C4}"
EndProject
Global
	GlobalSection(SolutionConfigurationPlatforms) = preSolution
		Debug|Any CPU = Debug|Any CPU
		Release|Any CPU = Release|Any CPU
	EndGlobalSection
	GlobalSection(ProjectConfigurationPlatforms) = postSolution
		{640F0C3C-13FA-41E3-A3E5-933E182F32C4}.Debug|Any CPU.ActiveCfg = Debug|Any CPU
		{640F0C3C-13FA-41E3-A3E5-933E182F32C4}.Debug|Any CPU.Build.0 = Debug|Any CPU
		{640F0C3C-13FA-41E3-A3E5-933E182F32C4}.Release|Any CPU.ActiveCfg = Release|Any CPU
		{640F0C3C-13FA-41E3-A3E5-933E182F32C4}.Release|Any CPU.Build.0 = Release|Any CPU
	EndGlobalSection
	GlobalSection(SolutionProperties) = preSolution
		HideSolutionNode = FALSE
	EndGlobalSection
	GlobalSection(ExtensibilityGlobals) = postSolution
		SolutionGuid = {6A1BF8A6-A0B8-4D17-BCE4-841F6BD6CE61}
	EndGlobalSection
EndGlobal
